
Microsoft Visual Studio Solution File, Format Version 12.00
# Visual Studio Version 17
VisualStudioVersion = 17.11.35303.130
MinimumVisualStudioVersion = 10.0.40219.1
Project("{C9674DCB-5085-4A16-B785-4C70DD1589BD}") = "UES2024-AA18087-P3", "UES2024-AA18087-P3\UES2024-AA18087-P3.dtproj", "{1AFEAD66-6219-4EA4-B5F8-885EC9A71060}"
EndProject
Global
	GlobalSection(SolutionConfigurationPlatforms) = preSolution
		Development|Default = Development|Default
	EndGlobalSection
	GlobalSection(ProjectConfigurationPlatforms) = postSolution
		{1AFEAD66-6219-4EA4-B5F8-885EC9A71060}.Development|Default.ActiveCfg = Development
		{1AFEAD66-6219-4EA4-B5F8-885EC9A71060}.Development|Default.Build.0 = Development
	EndGlobalSection
	GlobalSection(SolutionProperties) = preSolution
		HideSolutionNode = FALSE
	EndGlobalSection
	GlobalSection(ExtensibilityGlobals) = postSolution
		SolutionGuid = {BA3874A1-66CA-4C03-920F-2F2F2A5EC907}
	EndGlobalSection
EndGlobal
